
Microsoft Visual Studio Solution File, Format Version 12.00
# Visual Studio Version 16
VisualStudioVersion = 16.0.29418.71
MinimumVisualStudioVersion = 10.0.40219.1
Project("{8BC9CEB8-8B4A-11D0-8D11-00A0C91BC942}") = "keyhac", "keyhac.vcxproj", "{4BAC37B9-2AD1-4FE8-AF30-67278D7A9245}"
EndProject
Global
	GlobalSection(SolutionConfigurationPlatforms) = preSolution
		Debug|x86 = Debug|x86
		Release|x86 = Release|x86
	EndGlobalSection
	GlobalSection(ProjectConfigurationPlatforms) = postSolution
		{4BAC37B9-2AD1-4FE8-AF30-67278D7A9245}.Debug|x86.ActiveCfg = Debug|Win32
		{4BAC37B9-2AD1-4FE8-AF30-67278D7A9245}.Debug|x86.Build.0 = Debug|Win32
		{4BAC37B9-2AD1-4FE8-AF30-67278D7A9245}.Release|x86.ActiveCfg = Release|Win32
		{4BAC37B9-2AD1-4FE8-AF30-67278D7A9245}.Release|x86.Build.0 = Release|Win32
	EndGlobalSection
	GlobalSection(SolutionProperties) = preSolution
		HideSolutionNode = FALSE
	EndGlobalSection
	GlobalSection(ExtensibilityGlobals) = postSolution
		SolutionGuid = {F60B4D78-7C7E-4F7C-BF35-7178FC8DD10D}
	EndGlobalSection
EndGlobal
